# This file is automatically @generated by Cargo.
# It is not intended for manual editing.
version = 3

[[package]]
name = "aho-corasick"
version = "0.7.20"
source = "registry+https://github.com/rust-lang/crates.io-index"
checksum = "cc936419f96fa211c1b9166887b38e5e40b19958e5b895be7c1f93adec7071ac"
dependencies = [
 "memchr",
]

[[package]]
name = "ansi_term"
version = "0.12.1"
source = "registry+https://github.com/rust-lang/crates.io-index"
checksum = "d52a9bb7ec0cf484c551830a7ce27bd20d67eac647e1befb56b0be4ee39a55d2"
dependencies = [
 "winapi",
]

[[package]]
name = "anyhow"
version = "1.0.75"
source = "registry+https://github.com/rust-lang/crates.io-index"
checksum = "a4668cab20f66d8d020e1fbc0ebe47217433c1b6c8f2040faf858554e394ace6"

[[package]]
name = "atty"
version = "0.2.14"
source = "registry+https://github.com/rust-lang/crates.io-index"
checksum = "d9b39be18770d11421cdb1b9947a45dd3f37e93092cbf377614828a319d5fee8"
dependencies = [
 "hermit-abi",
 "libc",
 "winapi",
]

[[package]]
name = "base-x"
version = "0.2.11"
source = "registry+https://github.com/rust-lang/crates.io-index"
checksum = "4cbbc9d0964165b47557570cce6c952866c2678457aca742aafc9fb771d30270"

[[package]]
name = "bindgen"
version = "0.56.0"
source = "registry+https://github.com/rust-lang/crates.io-index"
checksum = "2da379dbebc0b76ef63ca68d8fc6e71c0f13e59432e0987e508c1820e6ab5239"
dependencies = [
 "bitflags",
 "cexpr",
 "clang-sys",
 "clap",
 "env_logger",
 "lazy_static",
 "lazycell",
 "log",
 "peeking_take_while",
 "proc-macro2",
 "quote",
 "regex",
 "rustc-hash",
 "shlex",
 "which",
]

[[package]]
name = "bitflags"
version = "1.3.2"
source = "registry+https://github.com/rust-lang/crates.io-index"
checksum = "bef38d45163c2f1dde094a7dfd33ccf595c92905c8f8f4fdc18d06fb1037718a"

[[package]]
name = "bumpalo"
version = "3.14.0"
source = "registry+https://github.com/rust-lang/crates.io-index"
checksum = "7f30e7476521f6f8af1a1c4c0b8cc94f0bee37d91763d0ca2665f299b6cd8aec"

[[package]]
name = "cexpr"
version = "0.4.0"
source = "registry+https://github.com/rust-lang/crates.io-index"
checksum = "f4aedb84272dbe89af497cf81375129abda4fc0a9e7c5d317498c15cc30c0d27"
dependencies = [
 "nom",
]

[[package]]
name = "cfg-if"
version = "1.0.0"
source = "registry+https://github.com/rust-lang/crates.io-index"
checksum = "baf1de4339761588bc0619e3cbc0120ee582ebb74b53b4efbf79117bd2da40fd"

[[package]]
name = "clang-sys"
version = "1.6.1"
source = "registry+https://github.com/rust-lang/crates.io-index"
checksum = "c688fc74432808e3eb684cae8830a86be1d66a2bd58e1f248ed0960a590baf6f"
dependencies = [
 "glob",
 "libc",
 "libloading",
]

[[package]]
name = "clap"
version = "2.34.0"
source = "registry+https://github.com/rust-lang/crates.io-index"
checksum = "a0610544180c38b88101fecf2dd634b174a62eef6946f84dfc6a7127512b381c"
dependencies = [
 "ansi_term",
 "atty",
 "bitflags",
 "strsim 0.8.0",
 "textwrap",
 "unicode-width",
 "vec_map",
]

[[package]]
name = "ctor"
version = "0.1.26"
source = "registry+https://github.com/rust-lang/crates.io-index"
checksum = "6d2301688392eb071b0bf1a37be05c469d3cc4dbbd95df672fe28ab021e6a096"
dependencies = [
 "quote",
 "syn 1.0.109",
]

[[package]]
name = "darling"
version = "0.10.2"
source = "registry+https://github.com/rust-lang/crates.io-index"
checksum = "0d706e75d87e35569db781a9b5e2416cff1236a47ed380831f959382ccd5f858"
dependencies = [
 "darling_core",
 "darling_macro",
]

[[package]]
name = "darling_core"
version = "0.10.2"
source = "registry+https://github.com/rust-lang/crates.io-index"
checksum = "f0c960ae2da4de88a91b2d920c2a7233b400bc33cb28453a2987822d8392519b"
dependencies = [
 "fnv",
 "ident_case",
 "proc-macro2",
 "quote",
 "strsim 0.9.3",
 "syn 1.0.109",
]

[[package]]
name = "darling_macro"
version = "0.10.2"
source = "registry+https://github.com/rust-lang/crates.io-index"
checksum = "d9b5a2f4ac4969822c62224815d069952656cadc7084fdca9751e6d959189b72"
dependencies = [
 "darling_core",
 "quote",
 "syn 1.0.109",
]

[[package]]
name = "discard"
version = "1.0.4"
source = "registry+https://github.com/rust-lang/crates.io-index"
checksum = "212d0f5754cb6769937f4501cc0e67f4f4483c8d2c3e1e922ee9edbe4ab4c7c0"

[[package]]
name = "emacs"
version = "0.16.2"
source = "registry+https://github.com/rust-lang/crates.io-index"
checksum = "5a5b60e3348d9d0939ee3c33b3d146bf9fa4af87859710d35ad562a9968fc863"
dependencies = [
 "anyhow",
 "ctor",
 "emacs-macros",
 "emacs_module",
 "once_cell",
 "rustc_version",
 "thiserror",
]

[[package]]
name = "emacs-macros"
version = "0.15.1"
source = "registry+https://github.com/rust-lang/crates.io-index"
checksum = "0b31160ef111ecc0fcee57fe01740df4c31b7d077c2bb258515aefdc2dd3e477"
dependencies = [
 "darling",
 "proc-macro2",
 "quote",
 "syn 1.0.109",
]

[[package]]
name = "emacs_module"
version = "0.16.2"
source = "registry+https://github.com/rust-lang/crates.io-index"
checksum = "3eebdd29085b1283edb5e83cc56426a4dd2a23d1c7b1f909c8b8caf700cc1869"
dependencies = [
 "bindgen",
]

[[package]]
name = "env_logger"
version = "0.8.4"
source = "registry+https://github.com/rust-lang/crates.io-index"
checksum = "a19187fea3ac7e84da7dacf48de0c45d63c6a76f9490dae389aead16c243fce3"
dependencies = [
 "atty",
 "humantime",
 "log",
 "regex",
 "termcolor",
]

[[package]]
name = "fnv"
version = "1.0.7"
source = "registry+https://github.com/rust-lang/crates.io-index"
checksum = "3f9eec918d3f24069decb9af1554cad7c880e2da24a9afd88aca000531ab82c1"

[[package]]
name = "getopts"
version = "0.2.21"
source = "registry+https://github.com/rust-lang/crates.io-index"
checksum = "14dbbfd5c71d70241ecf9e6f13737f7b5ce823821063188d7e46c41d371eebd5"
dependencies = [
 "unicode-width",
]

[[package]]
name = "glob"
version = "0.3.1"
source = "registry+https://github.com/rust-lang/crates.io-index"
checksum = "d2fabcfbdc87f4758337ca535fb41a6d701b65693ce38287d856d1674551ec9b"

[[package]]
name = "hermit-abi"
version = "0.1.19"
source = "registry+https://github.com/rust-lang/crates.io-index"
checksum = "62b467343b94ba476dcb2500d242dadbb39557df889310ac77c5d99100aaac33"
dependencies = [
 "libc",
]

[[package]]
name = "humantime"
version = "2.1.0"
source = "registry+https://github.com/rust-lang/crates.io-index"
checksum = "9a3a5bfb195931eeb336b2a7b4d761daec841b97f947d34394601737a7bba5e4"

[[package]]
name = "ident_case"
version = "1.0.1"
source = "registry+https://github.com/rust-lang/crates.io-index"
checksum = "b9e0384b61958566e926dc50660321d12159025e767c18e043daf26b70104c39"

[[package]]
name = "itoa"
version = "1.0.9"
source = "registry+https://github.com/rust-lang/crates.io-index"
checksum = "af150ab688ff2122fcef229be89cb50dd66af9e01a4ff320cc137eecc9bacc38"

[[package]]
name = "lazy_static"
version = "1.4.0"
source = "registry+https://github.com/rust-lang/crates.io-index"
checksum = "e2abad23fbc42b3700f2f279844dc832adb2b2eb069b2df918f455c4e18cc646"

[[package]]
name = "lazycell"
version = "1.3.0"
source = "registry+https://github.com/rust-lang/crates.io-index"
checksum = "830d08ce1d1d941e6b30645f1a0eb5643013d835ce3779a5fc208261dbe10f55"

[[package]]
name = "libc"
version = "0.2.148"
source = "registry+https://github.com/rust-lang/crates.io-index"
checksum = "9cdc71e17332e86d2e1d38c1f99edcb6288ee11b815fb1a4b049eaa2114d369b"

[[package]]
name = "libloading"
version = "0.7.4"
source = "registry+https://github.com/rust-lang/crates.io-index"
checksum = "b67380fd3b2fbe7527a606e18729d21c6f3951633d0500574c4dc22d2d638b9f"
dependencies = [
 "cfg-if",
 "winapi",
]

[[package]]
name = "log"
version = "0.4.20"
source = "registry+https://github.com/rust-lang/crates.io-index"
checksum = "b5e6163cb8c49088c2c36f57875e58ccd8c87c7427f7fbd50ea6710b2f3f2e8f"

[[package]]
name = "memchr"
version = "2.5.0"
source = "registry+https://github.com/rust-lang/crates.io-index"
checksum = "2dffe52ecf27772e601905b7522cb4ef790d2cc203488bbd0e2fe85fcb74566d"

[[package]]
name = "nom"
version = "5.1.3"
source = "registry+https://github.com/rust-lang/crates.io-index"
checksum = "08959a387a676302eebf4ddbcbc611da04285579f76f88ee0506c63b1a61dd4b"
dependencies = [
 "memchr",
 "version_check",
]

[[package]]
name = "once_cell"
version = "1.17.2"
source = "registry+https://github.com/rust-lang/crates.io-index"
checksum = "9670a07f94779e00908f3e686eab508878ebb390ba6e604d3a284c00e8d0487b"

[[package]]
name = "parinfer_rust"
version = "0.4.4-beta"
dependencies = [
 "emacs",
 "getopts",
 "libc",
 "serde",
 "serde_derive",
 "serde_json",
 "stdweb",
 "unicode-segmentation",
 "unicode-width",
 "winapi",
]

[[package]]
name = "peeking_take_while"
version = "0.1.2"
source = "registry+https://github.com/rust-lang/crates.io-index"
checksum = "19b17cddbe7ec3f8bc800887bab5e717348c95ea2ca0b1bf0837fb964dc67099"

[[package]]
name = "proc-macro2"
version = "1.0.67"
source = "registry+https://github.com/rust-lang/crates.io-index"
checksum = "3d433d9f1a3e8c1263d9456598b16fec66f4acc9a74dacffd35c7bb09b3a1328"
dependencies = [
 "unicode-ident",
]

[[package]]
name = "quote"
version = "1.0.33"
source = "registry+https://github.com/rust-lang/crates.io-index"
checksum = "5267fca4496028628a95160fc423a33e8b2e6af8a5302579e322e4b520293cae"
dependencies = [
 "proc-macro2",
]

[[package]]
name = "regex"
version = "1.7.3"
source = "registry+https://github.com/rust-lang/crates.io-index"
checksum = "8b1f693b24f6ac912f4893ef08244d70b6067480d2f1a46e950c9691e6749d1d"
dependencies = [
 "aho-corasick",
 "memchr",
 "regex-syntax",
]

[[package]]
name = "regex-syntax"
version = "0.6.29"
source = "registry+https://github.com/rust-lang/crates.io-index"
checksum = "f162c6dd7b008981e4d40210aca20b4bd0f9b60ca9271061b07f78537722f2e1"

[[package]]
name = "rustc-hash"
version = "1.1.0"
source = "registry+https://github.com/rust-lang/crates.io-index"
checksum = "08d43f7aa6b08d49f382cde6a7982047c3426db949b1424bc4b7ec9ae12c6ce2"

[[package]]
name = "rustc_version"
version = "0.2.3"
source = "registry+https://github.com/rust-lang/crates.io-index"
checksum = "138e3e0acb6c9fb258b19b67cb8abd63c00679d2851805ea151465464fe9030a"
dependencies = [
 "semver",
]

[[package]]
name = "ryu"
version = "1.0.15"
source = "registry+https://github.com/rust-lang/crates.io-index"
checksum = "1ad4cc8da4ef723ed60bced201181d83791ad433213d8c24efffda1eec85d741"

[[package]]
name = "semver"
version = "0.9.0"
source = "registry+https://github.com/rust-lang/crates.io-index"
checksum = "1d7eb9ef2c18661902cc47e535f9bc51b78acd254da71d375c2f6720d9a40403"
dependencies = [
 "semver-parser",
]

[[package]]
name = "semver-parser"
version = "0.7.0"
source = "registry+https://github.com/rust-lang/crates.io-index"
checksum = "388a1df253eca08550bef6c72392cfe7c30914bf41df5269b68cbd6ff8f570a3"

[[package]]
name = "serde"
version = "1.0.188"
source = "registry+https://github.com/rust-lang/crates.io-index"
checksum = "cf9e0fcba69a370eed61bcf2b728575f726b50b55cba78064753d708ddc7549e"
dependencies = [
 "serde_derive",
]

[[package]]
name = "serde_derive"
version = "1.0.188"
source = "registry+https://github.com/rust-lang/crates.io-index"
checksum = "4eca7ac642d82aa35b60049a6eccb4be6be75e599bd2e9adb5f875a737654af2"
dependencies = [
 "proc-macro2",
 "quote",
 "syn 2.0.36",
]

[[package]]
name = "serde_json"
version = "1.0.107"
source = "registry+https://github.com/rust-lang/crates.io-index"
checksum = "6b420ce6e3d8bd882e9b243c6eed35dbc9a6110c9769e74b584e0d68d1f20c65"
dependencies = [
 "itoa",
 "ryu",
 "serde",
]

[[package]]
name = "sha1"
version = "0.6.1"
source = "registry+https://github.com/rust-lang/crates.io-index"
checksum = "c1da05c97445caa12d05e848c4a4fcbbea29e748ac28f7e80e9b010392063770"
dependencies = [
 "sha1_smol",
]

[[package]]
name = "sha1_smol"
version = "1.0.0"
source = "registry+https://github.com/rust-lang/crates.io-index"
checksum = "ae1a47186c03a32177042e55dbc5fd5aee900b8e0069a8d70fba96a9375cd012"

[[package]]
name = "shlex"
version = "0.1.1"
source = "registry+https://github.com/rust-lang/crates.io-index"
checksum = "7fdf1b9db47230893d76faad238fd6097fd6d6a9245cd7a4d90dbd639536bbd2"

[[package]]
name = "stdweb"
version = "0.4.20"
source = "registry+https://github.com/rust-lang/crates.io-index"
checksum = "d022496b16281348b52d0e30ae99e01a73d737b2f45d38fed4edf79f9325a1d5"
dependencies = [
 "discard",
 "rustc_version",
 "serde",
 "serde_json",
 "stdweb-derive",
 "stdweb-internal-macros",
 "stdweb-internal-runtime",
 "wasm-bindgen",
]

[[package]]
name = "stdweb-derive"
version = "0.5.3"
source = "registry+https://github.com/rust-lang/crates.io-index"
checksum = "c87a60a40fccc84bef0652345bbbbbe20a605bf5d0ce81719fc476f5c03b50ef"
dependencies = [
 "proc-macro2",
 "quote",
 "serde",
 "serde_derive",
 "syn 1.0.109",
]

[[package]]
name = "stdweb-internal-macros"
version = "0.2.9"
source = "registry+https://github.com/rust-lang/crates.io-index"
checksum = "58fa5ff6ad0d98d1ffa8cb115892b6e69d67799f6763e162a1c9db421dc22e11"
dependencies = [
 "base-x",
 "proc-macro2",
 "quote",
 "serde",
 "serde_derive",
 "serde_json",
 "sha1",
 "syn 1.0.109",
]

[[package]]
name = "stdweb-internal-runtime"
version = "0.1.5"
source = "registry+https://github.com/rust-lang/crates.io-index"
checksum = "213701ba3370744dcd1a12960caa4843b3d68b4d1c0a5d575e0d65b2ee9d16c0"

[[package]]
name = "strsim"
version = "0.8.0"
source = "registry+https://github.com/rust-lang/crates.io-index"
checksum = "8ea5119cdb4c55b55d432abb513a0429384878c15dde60cc77b1c99de1a95a6a"

[[package]]
name = "strsim"
version = "0.9.3"
source = "registry+https://github.com/rust-lang/crates.io-index"
checksum = "6446ced80d6c486436db5c078dde11a9f73d42b57fb273121e160b84f63d894c"

[[package]]
name = "syn"
version = "1.0.109"
source = "registry+https://github.com/rust-lang/crates.io-index"
checksum = "72b64191b275b66ffe2469e8af2c1cfe3bafa67b529ead792a6d0160888b4237"
dependencies = [
 "proc-macro2",
 "quote",
 "unicode-ident",
]

[[package]]
name = "syn"
version = "2.0.36"
source = "registry+https://github.com/rust-lang/crates.io-index"
checksum = "91e02e55d62894af2a08aca894c6577281f76769ba47c94d5756bec8ac6e7373"
dependencies = [
 "proc-macro2",
 "quote",
 "unicode-ident",
]

[[package]]
name = "termcolor"
version = "1.2.0"
source = "registry+https://github.com/rust-lang/crates.io-index"
checksum = "be55cf8942feac5c765c2c993422806843c9a9a45d4d5c407ad6dd2ea95eb9b6"
dependencies = [
 "winapi-util",
]

[[package]]
name = "textwrap"
version = "0.11.0"
source = "registry+https://github.com/rust-lang/crates.io-index"
checksum = "d326610f408c7a4eb6f51c37c330e496b08506c9457c9d34287ecc38809fb060"
dependencies = [
 "unicode-width",
]

[[package]]
name = "thiserror"
version = "1.0.48"
source = "registry+https://github.com/rust-lang/crates.io-index"
checksum = "9d6d7a740b8a666a7e828dd00da9c0dc290dff53154ea77ac109281de90589b7"
dependencies = [
 "thiserror-impl",
]

[[package]]
name = "thiserror-impl"
version = "1.0.48"
source = "registry+https://github.com/rust-lang/crates.io-index"
checksum = "49922ecae66cc8a249b77e68d1d0623c1b2c514f0060c27cdc68bd62a1219d35"
dependencies = [
 "proc-macro2",
 "quote",
 "syn 2.0.36",
]

[[package]]
name = "unicode-ident"
version = "1.0.12"
source = "registry+https://github.com/rust-lang/crates.io-index"
checksum = "3354b9ac3fae1ff6755cb6db53683adb661634f67557942dea4facebec0fee4b"

[[package]]
name = "unicode-segmentation"
version = "1.10.1"
source = "registry+https://github.com/rust-lang/crates.io-index"
checksum = "1dd624098567895118886609431a7c3b8f516e41d30e0643f03d94592a147e36"

[[package]]
name = "unicode-width"
version = "0.1.10"
source = "registry+https://github.com/rust-lang/crates.io-index"
checksum = "c0edd1e5b14653f783770bce4a4dabb4a5108a5370a5f5d8cfe8710c361f6c8b"

[[package]]
name = "vec_map"
version = "0.8.2"
source = "registry+https://github.com/rust-lang/crates.io-index"
checksum = "f1bddf1187be692e79c5ffeab891132dfb0f236ed36a43c7ed39f1165ee20191"

[[package]]
name = "version_check"
version = "0.9.4"
source = "registry+https://github.com/rust-lang/crates.io-index"
checksum = "49874b5167b65d7193b8aba1567f5c7d93d001cafc34600cee003eda787e483f"

[[package]]
name = "wasm-bindgen"
version = "0.2.87"
source = "registry+https://github.com/rust-lang/crates.io-index"
checksum = "7706a72ab36d8cb1f80ffbf0e071533974a60d0a308d01a5d0375bf60499a342"
dependencies = [
 "cfg-if",
 "wasm-bindgen-macro",
]

[[package]]
name = "wasm-bindgen-backend"
version = "0.2.87"
source = "registry+https://github.com/rust-lang/crates.io-index"
checksum = "5ef2b6d3c510e9625e5fe6f509ab07d66a760f0885d858736483c32ed7809abd"
dependencies = [
 "bumpalo",
 "log",
 "once_cell",
 "proc-macro2",
 "quote",
 "syn 2.0.36",
 "wasm-bindgen-shared",
]

[[package]]
name = "wasm-bindgen-macro"
version = "0.2.87"
source = "registry+https://github.com/rust-lang/crates.io-index"
checksum = "dee495e55982a3bd48105a7b947fd2a9b4a8ae3010041b9e0faab3f9cd028f1d"
dependencies = [
 "quote",
 "wasm-bindgen-macro-support",
]

[[package]]
name = "wasm-bindgen-macro-support"
version = "0.2.87"
source = "registry+https://github.com/rust-lang/crates.io-index"
checksum = "54681b18a46765f095758388f2d0cf16eb8d4169b639ab575a8f5693af210c7b"
dependencies = [
 "proc-macro2",
 "quote",
 "syn 2.0.36",
 "wasm-bindgen-backend",
 "wasm-bindgen-shared",
]

[[package]]
name = "wasm-bindgen-shared"
version = "0.2.87"
source = "registry+https://github.com/rust-lang/crates.io-index"
checksum = "ca6ad05a4870b2bf5fe995117d3728437bd27d7cd5f06f13c17443ef369775a1"

[[package]]
name = "which"
version = "3.1.1"
source = "registry+https://github.com/rust-lang/crates.io-index"
checksum = "d011071ae14a2f6671d0b74080ae0cd8ebf3a6f8c9589a2cd45f23126fe29724"
dependencies = [
 "libc",
]

[[package]]
name = "winapi"
version = "0.3.9"
source = "registry+https://github.com/rust-lang/crates.io-index"
checksum = "5c839a674fcd7a98952e593242ea400abe93992746761e38641405d28b00f419"
dependencies = [
 "winapi-i686-pc-windows-gnu",
 "winapi-x86_64-pc-windows-gnu",
]

[[package]]
name = "winapi-i686-pc-windows-gnu"
version = "0.4.0"
source = "registry+https://github.com/rust-lang/crates.io-index"
checksum = "ac3b87c63620426dd9b991e5ce0329eff545bccbbb34f3be09ff6fb6ab51b7b6"

[[package]]
name = "winapi-util"
version = "0.1.5"
source = "registry+https://github.com/rust-lang/crates.io-index"
checksum = "70ec6ce85bb158151cae5e5c87f95a8e97d2c0c4b001223f33a334e3ce5de178"
dependencies = [
 "winapi",
]

[[package]]
name = "winapi-x86_64-pc-windows-gnu"
version = "0.4.0"
source = "registry+https://github.com/rust-lang/crates.io-index"
checksum = "712e227841d057c1ee1cd2fb22fa7e5a5461ae8e48fa2ca79ec42cfc1931183f"
